
Microsoft Visual Studio Solution File, Format Version 12.00
# Visual Studio Version 17
VisualStudioVersion = 17.13.35825.156 d17.13
MinimumVisualStudioVersion = 10.0.40219.1
Project("{8BC9CEB8-8B4A-11D0-8D11-00A0C91BC942}") = "APCInjection", "APCInjection.vcxproj", "{EBB933E5-FE6C-4849-8308-F44D7F622431}"
EndProject
Global
	GlobalSection(SolutionConfigurationPlatforms) = preSolution
		Debug|x64 = Debug|x64
		Debug|x86 = Debug|x86
		Release|x64 = Release|x64
		Release|x86 = Release|x86
	EndGlobalSection
	GlobalSection(ProjectConfigurationPlatforms) = postSolution
		{EBB933E5-FE6C-4849-8308-F44D7F622431}.Debug|x64.ActiveCfg = Debug|x64
		{EBB933E5-FE6C-4849-8308-F44D7F622431}.Debug|x64.Build.0 = Debug|x64
		{EBB933E5-FE6C-4849-8308-F44D7F622431}.Debug|x86.ActiveCfg = Debug|Win32
		{EBB933E5-FE6C-4849-8308-F44D7F622431}.Debug|x86.Build.0 = Debug|Win32
		{EBB933E5-FE6C-4849-8308-F44D7F622431}.Release|x64.ActiveCfg = Release|x64
		{EBB933E5-FE6C-4849-8308-F44D7F622431}.Release|x64.Build.0 = Release|x64
		{EBB933E5-FE6C-4849-8308-F44D7F622431}.Release|x86.ActiveCfg = Release|Win32
		{EBB933E5-FE6C-4849-8308-F44D7F622431}.Release|x86.Build.0 = Release|Win32
	EndGlobalSection
	GlobalSection(SolutionProperties) = preSolution
		HideSolutionNode = FALSE
	EndGlobalSection
	GlobalSection(ExtensibilityGlobals) = postSolution
		SolutionGuid = {9F739845-7C21-437F-8780-B47810C2BFDE}
	EndGlobalSection
EndGlobal
